
Microsoft Visual Studio Solution File, Format Version 12.00
# TcXaeShell Solution File, Format Version 11.00
VisualStudioVersion = 15.0.35826.109
MinimumVisualStudioVersion = 10.0.40219.1
Project("{B1E792BE-AA5F-4E3C-8C82-674BF9C0715B}") = "TwinCAT-Test-Rack", "TwinCAT-Test-Rack.tsproj", "{AC9D3EFF-0E6B-47D4-96EB-C5E46417A065}"
EndProject
Project("{FE7A1B72-C5B7-4D7C-BB7D-76384D4DE8E1}") = "HMI", "HMI\HMI.hmiproj", "{7B6F1D77-1051-4967-9183-032B9F23009B}"
EndProject
Project("{23D6B0B7-CBAA-4070-A2AF-F2FCE2506A3D}") = "Drive Manager 2", "Drive Manager 2\Drive Manager 2.tcdmproj", "{6CB1DE73-2EBD-4C68-854D-599300815D16}"
EndProject
Global
	GlobalSection(SolutionConfigurationPlatforms) = preSolution
		Debug|TwinCAT CE7 (ARMV7) = Debug|TwinCAT CE7 (ARMV7)
		Debug|TwinCAT HMI = Debug|TwinCAT HMI
		Debug|TwinCAT OS (ARMT2) = Debug|TwinCAT OS (ARMT2)
		Debug|TwinCAT OS (ARMV7-A) = Debug|TwinCAT OS (ARMV7-A)
		Debug|TwinCAT OS (ARMV7-M) = Debug|TwinCAT OS (ARMV7-M)
		Debug|TwinCAT OS (ARMV8-A) = Debug|TwinCAT OS (ARMV8-A)
		Debug|TwinCAT OS (x64) = Debug|TwinCAT OS (x64)
		Debug|TwinCAT OS (x64-E) = Debug|TwinCAT OS (x64-E)
		Debug|TwinCAT RT (x64) = Debug|TwinCAT RT (x64)
		Debug|TwinCAT RT (x86) = Debug|TwinCAT RT (x86)
		Release|TwinCAT CE7 (ARMV7) = Release|TwinCAT CE7 (ARMV7)
		Release|TwinCAT HMI = Release|TwinCAT HMI
		Release|TwinCAT OS (ARMT2) = Release|TwinCAT OS (ARMT2)
		Release|TwinCAT OS (ARMV7-A) = Release|TwinCAT OS (ARMV7-A)
		Release|TwinCAT OS (ARMV7-M) = Release|TwinCAT OS (ARMV7-M)
		Release|TwinCAT OS (ARMV8-A) = Release|TwinCAT OS (ARMV8-A)
		Release|TwinCAT OS (x64) = Release|TwinCAT OS (x64)
		Release|TwinCAT OS (x64-E) = Release|TwinCAT OS (x64-E)
		Release|TwinCAT RT (x64) = Release|TwinCAT RT (x64)
		Release|TwinCAT RT (x86) = Release|TwinCAT RT (x86)
	EndGlobalSection
	GlobalSection(ProjectConfigurationPlatforms) = postSolution
		{AC9D3EFF-0E6B-47D4-96EB-C5E46417A065}.Debug|TwinCAT CE7 (ARMV7).ActiveCfg = Debug|TwinCAT CE7 (ARMV7)
		{AC9D3EFF-0E6B-47D4-96EB-C5E46417A065}.Debug|TwinCAT CE7 (ARMV7).Build.0 = Debug|TwinCAT CE7 (ARMV7)
		{AC9D3EFF-0E6B-47D4-96EB-C5E46417A065}.Debug|TwinCAT HMI.ActiveCfg = Debug|TwinCAT RT (x86)
		{AC9D3EFF-0E6B-47D4-96EB-C5E46417A065}.Debug|TwinCAT OS (ARMT2).ActiveCfg = Debug|TwinCAT OS (ARMT2)
		{AC9D3EFF-0E6B-47D4-96EB-C5E46417A065}.Debug|TwinCAT OS (ARMT2).Build.0 = Debug|TwinCAT OS (ARMT2)
		{AC9D3EFF-0E6B-47D4-96EB-C5E46417A065}.Debug|TwinCAT OS (ARMV7-A).ActiveCfg = Debug|TwinCAT OS (ARMT2)
		{AC9D3EFF-0E6B-47D4-96EB-C5E46417A065}.Debug|TwinCAT OS (ARMV7-M).ActiveCfg = Debug|TwinCAT OS (ARMT2)
		{AC9D3EFF-0E6B-47D4-96EB-C5E46417A065}.Debug|TwinCAT OS (ARMV8-A).ActiveCfg = Debug|TwinCAT OS (ARMT2)
		{AC9D3EFF-0E6B-47D4-96EB-C5E46417A065}.Debug|TwinCAT OS (x64).ActiveCfg = Debug|TwinCAT OS (ARMT2)
		{AC9D3EFF-0E6B-47D4-96EB-C5E46417A065}.Debug|TwinCAT OS (x64-E).ActiveCfg = Debug|TwinCAT OS (ARMT2)
		{AC9D3EFF-0E6B-47D4-96EB-C5E46417A065}.Debug|TwinCAT RT (x64).ActiveCfg = Debug|TwinCAT RT (x64)
		{AC9D3EFF-0E6B-47D4-96EB-C5E46417A065}.Debug|TwinCAT RT (x64).Build.0 = Debug|TwinCAT RT (x64)
		{AC9D3EFF-0E6B-47D4-96EB-C5E46417A065}.Debug|TwinCAT RT (x86).ActiveCfg = Debug|TwinCAT RT (x86)
		{AC9D3EFF-0E6B-47D4-96EB-C5E46417A065}.Debug|TwinCAT RT (x86).Build.0 = Debug|TwinCAT RT (x86)
		{AC9D3EFF-0E6B-47D4-96EB-C5E46417A065}.Release|TwinCAT CE7 (ARMV7).ActiveCfg = Release|TwinCAT CE7 (ARMV7)
		{AC9D3EFF-0E6B-47D4-96EB-C5E46417A065}.Release|TwinCAT CE7 (ARMV7).Build.0 = Release|TwinCAT CE7 (ARMV7)
		{AC9D3EFF-0E6B-47D4-96EB-C5E46417A065}.Release|TwinCAT HMI.ActiveCfg = Release|TwinCAT RT (x86)
		{AC9D3EFF-0E6B-47D4-96EB-C5E46417A065}.Release|TwinCAT OS (ARMT2).ActiveCfg = Release|TwinCAT OS (ARMT2)
		{AC9D3EFF-0E6B-47D4-96EB-C5E46417A065}.Release|TwinCAT OS (ARMT2).Build.0 = Release|TwinCAT OS (ARMT2)
		{AC9D3EFF-0E6B-47D4-96EB-C5E46417A065}.Release|TwinCAT OS (ARMV7-A).ActiveCfg = Release|TwinCAT OS (ARMT2)
		{AC9D3EFF-0E6B-47D4-96EB-C5E46417A065}.Release|TwinCAT OS (ARMV7-M).ActiveCfg = Release|TwinCAT OS (ARMT2)
		{AC9D3EFF-0E6B-47D4-96EB-C5E46417A065}.Release|TwinCAT OS (ARMV8-A).ActiveCfg = Release|TwinCAT OS (ARMT2)
		{AC9D3EFF-0E6B-47D4-96EB-C5E46417A065}.Release|TwinCAT OS (x64).ActiveCfg = Release|TwinCAT OS (ARMT2)
		{AC9D3EFF-0E6B-47D4-96EB-C5E46417A065}.Release|TwinCAT OS (x64-E).ActiveCfg = Release|TwinCAT OS (ARMT2)
		{AC9D3EFF-0E6B-47D4-96EB-C5E46417A065}.Release|TwinCAT RT (x64).ActiveCfg = Release|TwinCAT RT (x64)
		{AC9D3EFF-0E6B-47D4-96EB-C5E46417A065}.Release|TwinCAT RT (x64).Build.0 = Release|TwinCAT RT (x64)
		{AC9D3EFF-0E6B-47D4-96EB-C5E46417A065}.Release|TwinCAT RT (x86).ActiveCfg = Release|TwinCAT RT (x86)
		{AC9D3EFF-0E6B-47D4-96EB-C5E46417A065}.Release|TwinCAT RT (x86).Build.0 = Release|TwinCAT RT (x86)
		{7B6F1D77-1051-4967-9183-032B9F23009B}.Debug|TwinCAT CE7 (ARMV7).ActiveCfg = Debug|TwinCAT HMI
		{7B6F1D77-1051-4967-9183-032B9F23009B}.Debug|TwinCAT HMI.ActiveCfg = Debug|TwinCAT HMI
		{7B6F1D77-1051-4967-9183-032B9F23009B}.Debug|TwinCAT HMI.Build.0 = Debug|TwinCAT HMI
		{7B6F1D77-1051-4967-9183-032B9F23009B}.Debug|TwinCAT OS (ARMT2).ActiveCfg = Debug|TwinCAT HMI
		{7B6F1D77-1051-4967-9183-032B9F23009B}.Debug|TwinCAT OS (ARMV7-A).ActiveCfg = Debug|TwinCAT HMI
		{7B6F1D77-1051-4967-9183-032B9F23009B}.Debug|TwinCAT OS (ARMV7-M).ActiveCfg = Debug|TwinCAT HMI
		{7B6F1D77-1051-4967-9183-032B9F23009B}.Debug|TwinCAT OS (ARMV8-A).ActiveCfg = Debug|TwinCAT HMI
		{7B6F1D77-1051-4967-9183-032B9F23009B}.Debug|TwinCAT OS (x64).ActiveCfg = Debug|TwinCAT HMI
		{7B6F1D77-1051-4967-9183-032B9F23009B}.Debug|TwinCAT OS (x64-E).ActiveCfg = Debug|TwinCAT HMI
		{7B6F1D77-1051-4967-9183-032B9F23009B}.Debug|TwinCAT RT (x64).ActiveCfg = Debug|TwinCAT HMI
		{7B6F1D77-1051-4967-9183-032B9F23009B}.Debug|TwinCAT RT (x86).ActiveCfg = Debug|TwinCAT HMI
		{7B6F1D77-1051-4967-9183-032B9F23009B}.Release|TwinCAT CE7 (ARMV7).ActiveCfg = Release|TwinCAT HMI
		{7B6F1D77-1051-4967-9183-032B9F23009B}.Release|TwinCAT HMI.ActiveCfg = Release|TwinCAT HMI
		{7B6F1D77-1051-4967-9183-032B9F23009B}.Release|TwinCAT HMI.Build.0 = Release|TwinCAT HMI
		{7B6F1D77-1051-4967-9183-032B9F23009B}.Release|TwinCAT OS (ARMT2).ActiveCfg = Release|TwinCAT HMI
		{7B6F1D77-1051-4967-9183-032B9F23009B}.Release|TwinCAT OS (ARMV7-A).ActiveCfg = Release|TwinCAT HMI
		{7B6F1D77-1051-4967-9183-032B9F23009B}.Release|TwinCAT OS (ARMV7-M).ActiveCfg = Release|TwinCAT HMI
		{7B6F1D77-1051-4967-9183-032B9F23009B}.Release|TwinCAT OS (ARMV8-A).ActiveCfg = Release|TwinCAT HMI
		{7B6F1D77-1051-4967-9183-032B9F23009B}.Release|TwinCAT OS (x64).ActiveCfg = Release|TwinCAT HMI
		{7B6F1D77-1051-4967-9183-032B9F23009B}.Release|TwinCAT OS (x64-E).ActiveCfg = Release|TwinCAT HMI
		{7B6F1D77-1051-4967-9183-032B9F23009B}.Release|TwinCAT RT (x64).ActiveCfg = Release|TwinCAT HMI
		{7B6F1D77-1051-4967-9183-032B9F23009B}.Release|TwinCAT RT (x86).ActiveCfg = Release|TwinCAT HMI
		{6CB1DE73-2EBD-4C68-854D-599300815D16}.Debug|TwinCAT CE7 (ARMV7).ActiveCfg = Debug|TwinCAT CE7 (ARMV7)
		{6CB1DE73-2EBD-4C68-854D-599300815D16}.Debug|TwinCAT HMI.ActiveCfg = Debug|TwinCAT OS (ARMT2)
		{6CB1DE73-2EBD-4C68-854D-599300815D16}.Debug|TwinCAT OS (ARMT2).ActiveCfg = Debug|TwinCAT OS (ARMT2)
		{6CB1DE73-2EBD-4C68-854D-599300815D16}.Debug|TwinCAT OS (ARMV7-A).ActiveCfg = Debug|TwinCAT OS (ARMT2)
		{6CB1DE73-2EBD-4C68-854D-599300815D16}.Debug|TwinCAT OS (ARMV7-M).ActiveCfg = Debug|TwinCAT OS (ARMT2)
		{6CB1DE73-2EBD-4C68-854D-599300815D16}.Debug|TwinCAT OS (ARMV8-A).ActiveCfg = Debug|TwinCAT OS (ARMT2)
		{6CB1DE73-2EBD-4C68-854D-599300815D16}.Debug|TwinCAT OS (x64).ActiveCfg = Debug|TwinCAT OS (x64)
		{6CB1DE73-2EBD-4C68-854D-599300815D16}.Debug|TwinCAT OS (x64-E).ActiveCfg = Debug|TwinCAT OS (x64)
		{6CB1DE73-2EBD-4C68-854D-599300815D16}.Debug|TwinCAT RT (x64).ActiveCfg = Debug|TwinCAT RT (x64)
		{6CB1DE73-2EBD-4C68-854D-599300815D16}.Debug|TwinCAT RT (x86).ActiveCfg = Debug|TwinCAT RT (x86)
		{6CB1DE73-2EBD-4C68-854D-599300815D16}.Release|TwinCAT CE7 (ARMV7).ActiveCfg = Release|TwinCAT CE7 (ARMV7)
		{6CB1DE73-2EBD-4C68-854D-599300815D16}.Release|TwinCAT HMI.ActiveCfg = Release|TwinCAT OS (ARMT2)
		{6CB1DE73-2EBD-4C68-854D-599300815D16}.Release|TwinCAT OS (ARMT2).ActiveCfg = Release|TwinCAT OS (ARMT2)
		{6CB1DE73-2EBD-4C68-854D-599300815D16}.Release|TwinCAT OS (ARMV7-A).ActiveCfg = Release|TwinCAT OS (ARMT2)
		{6CB1DE73-2EBD-4C68-854D-599300815D16}.Release|TwinCAT OS (ARMV7-M).ActiveCfg = Release|TwinCAT OS (ARMT2)
		{6CB1DE73-2EBD-4C68-854D-599300815D16}.Release|TwinCAT OS (ARMV8-A).ActiveCfg = Release|TwinCAT OS (ARMT2)
		{6CB1DE73-2EBD-4C68-854D-599300815D16}.Release|TwinCAT OS (x64).ActiveCfg = Release|TwinCAT OS (x64)
		{6CB1DE73-2EBD-4C68-854D-599300815D16}.Release|TwinCAT OS (x64-E).ActiveCfg = Release|TwinCAT OS (x64)
		{6CB1DE73-2EBD-4C68-854D-599300815D16}.Release|TwinCAT RT (x64).ActiveCfg = Release|TwinCAT RT (x64)
		{6CB1DE73-2EBD-4C68-854D-599300815D16}.Release|TwinCAT RT (x86).ActiveCfg = Release|TwinCAT RT (x86)
		{CABE9271-D158-4007-AB4F-0CE6FA5B5552}.Debug|TwinCAT CE7 (ARMV7).ActiveCfg = Debug|TwinCAT CE7 (ARMV7)
		{CABE9271-D158-4007-AB4F-0CE6FA5B5552}.Debug|TwinCAT CE7 (ARMV7).Build.0 = Debug|TwinCAT CE7 (ARMV7)
		{CABE9271-D158-4007-AB4F-0CE6FA5B5552}.Debug|TwinCAT HMI.ActiveCfg = Debug|TwinCAT OS (ARMT2)
		{CABE9271-D158-4007-AB4F-0CE6FA5B5552}.Debug|TwinCAT OS (ARMT2).ActiveCfg = Debug|TwinCAT OS (ARMT2)
		{CABE9271-D158-4007-AB4F-0CE6FA5B5552}.Debug|TwinCAT OS (ARMT2).Build.0 = Debug|TwinCAT OS (ARMT2)
		{CABE9271-D158-4007-AB4F-0CE6FA5B5552}.Debug|TwinCAT OS (ARMV7-A).ActiveCfg = Debug|TwinCAT OS (ARMT2)
		{CABE9271-D158-4007-AB4F-0CE6FA5B5552}.Debug|TwinCAT OS (ARMV7-M).ActiveCfg = Debug|TwinCAT OS (ARMT2)
		{CABE9271-D158-4007-AB4F-0CE6FA5B5552}.Debug|TwinCAT OS (ARMV8-A).ActiveCfg = Debug|TwinCAT OS (ARMT2)
		{CABE9271-D158-4007-AB4F-0CE6FA5B5552}.Debug|TwinCAT OS (x64).ActiveCfg = Debug|TwinCAT OS (ARMT2)
		{CABE9271-D158-4007-AB4F-0CE6FA5B5552}.Debug|TwinCAT OS (x64-E).ActiveCfg = Debug|TwinCAT OS (ARMT2)
		{CABE9271-D158-4007-AB4F-0CE6FA5B5552}.Debug|TwinCAT RT (x64).ActiveCfg = Debug|TwinCAT RT (x64)
		{CABE9271-D158-4007-AB4F-0CE6FA5B5552}.Debug|TwinCAT RT (x64).Build.0 = Debug|TwinCAT RT (x64)
		{CABE9271-D158-4007-AB4F-0CE6FA5B5552}.Debug|TwinCAT RT (x86).ActiveCfg = Debug|TwinCAT RT (x86)
		{CABE9271-D158-4007-AB4F-0CE6FA5B5552}.Debug|TwinCAT RT (x86).Build.0 = Debug|TwinCAT RT (x86)
		{CABE9271-D158-4007-AB4F-0CE6FA5B5552}.Release|TwinCAT CE7 (ARMV7).ActiveCfg = Release|TwinCAT CE7 (ARMV7)
		{CABE9271-D158-4007-AB4F-0CE6FA5B5552}.Release|TwinCAT CE7 (ARMV7).Build.0 = Release|TwinCAT CE7 (ARMV7)
		{CABE9271-D158-4007-AB4F-0CE6FA5B5552}.Release|TwinCAT HMI.ActiveCfg = Release|TwinCAT OS (ARMT2)
		{CABE9271-D158-4007-AB4F-0CE6FA5B5552}.Release|TwinCAT OS (ARMT2).ActiveCfg = Release|TwinCAT OS (ARMT2)
		{CABE9271-D158-4007-AB4F-0CE6FA5B5552}.Release|TwinCAT OS (ARMT2).Build.0 = Release|TwinCAT OS (ARMT2)
		{CABE9271-D158-4007-AB4F-0CE6FA5B5552}.Release|TwinCAT OS (ARMV7-A).ActiveCfg = Release|TwinCAT OS (ARMT2)
		{CABE9271-D158-4007-AB4F-0CE6FA5B5552}.Release|TwinCAT OS (ARMV7-M).ActiveCfg = Release|TwinCAT OS (ARMT2)
		{CABE9271-D158-4007-AB4F-0CE6FA5B5552}.Release|TwinCAT OS (ARMV8-A).ActiveCfg = Release|TwinCAT OS (ARMT2)
		{CABE9271-D158-4007-AB4F-0CE6FA5B5552}.Release|TwinCAT OS (x64).ActiveCfg = Release|TwinCAT OS (ARMT2)
		{CABE9271-D158-4007-AB4F-0CE6FA5B5552}.Release|TwinCAT OS (x64-E).ActiveCfg = Release|TwinCAT OS (ARMT2)
		{CABE9271-D158-4007-AB4F-0CE6FA5B5552}.Release|TwinCAT RT (x64).ActiveCfg = Release|TwinCAT RT (x64)
		{CABE9271-D158-4007-AB4F-0CE6FA5B5552}.Release|TwinCAT RT (x64).Build.0 = Release|TwinCAT RT (x64)
		{CABE9271-D158-4007-AB4F-0CE6FA5B5552}.Release|TwinCAT RT (x86).ActiveCfg = Release|TwinCAT RT (x86)
		{CABE9271-D158-4007-AB4F-0CE6FA5B5552}.Release|TwinCAT RT (x86).Build.0 = Release|TwinCAT RT (x86)
		{C036F544-6F9B-4E6B-B999-37759B6E25CD}.Debug|TwinCAT CE7 (ARMV7).ActiveCfg = Debug|TwinCAT CE7 (ARMV7)
		{C036F544-6F9B-4E6B-B999-37759B6E25CD}.Debug|TwinCAT CE7 (ARMV7).Build.0 = Debug|TwinCAT CE7 (ARMV7)
		{C036F544-6F9B-4E6B-B999-37759B6E25CD}.Debug|TwinCAT HMI.ActiveCfg = Debug|TwinCAT OS (ARMT2)
		{C036F544-6F9B-4E6B-B999-37759B6E25CD}.Debug|TwinCAT OS (ARMT2).ActiveCfg = Debug|TwinCAT OS (ARMT2)
		{C036F544-6F9B-4E6B-B999-37759B6E25CD}.Debug|TwinCAT OS (ARMT2).Build.0 = Debug|TwinCAT OS (ARMT2)
		{C036F544-6F9B-4E6B-B999-37759B6E25CD}.Debug|TwinCAT OS (ARMV7-A).ActiveCfg = Debug|TwinCAT OS (ARMT2)
		{C036F544-6F9B-4E6B-B999-37759B6E25CD}.Debug|TwinCAT OS (ARMV7-M).ActiveCfg = Debug|TwinCAT OS (ARMT2)
		{C036F544-6F9B-4E6B-B999-37759B6E25CD}.Debug|TwinCAT OS (ARMV8-A).ActiveCfg = Debug|TwinCAT OS (ARMT2)
		{C036F544-6F9B-4E6B-B999-37759B6E25CD}.Debug|TwinCAT OS (x64).ActiveCfg = Debug|TwinCAT RT (x64)
		{C036F544-6F9B-4E6B-B999-37759B6E25CD}.Debug|TwinCAT OS (x64).Build.0 = Debug|TwinCAT RT (x64)
		{C036F544-6F9B-4E6B-B999-37759B6E25CD}.Debug|TwinCAT OS (x64-E).ActiveCfg = Debug|TwinCAT OS (ARMT2)
		{C036F544-6F9B-4E6B-B999-37759B6E25CD}.Debug|TwinCAT RT (x64).ActiveCfg = Debug|TwinCAT RT (x64)
		{C036F544-6F9B-4E6B-B999-37759B6E25CD}.Debug|TwinCAT RT (x64).Build.0 = Debug|TwinCAT RT (x64)
		{C036F544-6F9B-4E6B-B999-37759B6E25CD}.Debug|TwinCAT RT (x86).ActiveCfg = Debug|TwinCAT RT (x86)
		{C036F544-6F9B-4E6B-B999-37759B6E25CD}.Debug|TwinCAT RT (x86).Build.0 = Debug|TwinCAT RT (x86)
		{C036F544-6F9B-4E6B-B999-37759B6E25CD}.Release|TwinCAT CE7 (ARMV7).ActiveCfg = Release|TwinCAT CE7 (ARMV7)
		{C036F544-6F9B-4E6B-B999-37759B6E25CD}.Release|TwinCAT CE7 (ARMV7).Build.0 = Release|TwinCAT CE7 (ARMV7)
		{C036F544-6F9B-4E6B-B999-37759B6E25CD}.Release|TwinCAT HMI.ActiveCfg = Release|TwinCAT OS (ARMT2)
		{C036F544-6F9B-4E6B-B999-37759B6E25CD}.Release|TwinCAT OS (ARMT2).ActiveCfg = Release|TwinCAT OS (ARMT2)
		{C036F544-6F9B-4E6B-B999-37759B6E25CD}.Release|TwinCAT OS (ARMT2).Build.0 = Release|TwinCAT OS (ARMT2)
		{C036F544-6F9B-4E6B-B999-37759B6E25CD}.Release|TwinCAT OS (ARMV7-A).ActiveCfg = Release|TwinCAT OS (ARMT2)
		{C036F544-6F9B-4E6B-B999-37759B6E25CD}.Release|TwinCAT OS (ARMV7-M).ActiveCfg = Release|TwinCAT OS (ARMT2)
		{C036F544-6F9B-4E6B-B999-37759B6E25CD}.Release|TwinCAT OS (ARMV8-A).ActiveCfg = Release|TwinCAT OS (ARMT2)
		{C036F544-6F9B-4E6B-B999-37759B6E25CD}.Release|TwinCAT OS (x64).ActiveCfg = Release|TwinCAT RT (x64)
		{C036F544-6F9B-4E6B-B999-37759B6E25CD}.Release|TwinCAT OS (x64).Build.0 = Release|TwinCAT RT (x64)
		{C036F544-6F9B-4E6B-B999-37759B6E25CD}.Release|TwinCAT OS (x64-E).ActiveCfg = Release|TwinCAT OS (ARMT2)
		{C036F544-6F9B-4E6B-B999-37759B6E25CD}.Release|TwinCAT RT (x64).ActiveCfg = Release|TwinCAT RT (x64)
		{C036F544-6F9B-4E6B-B999-37759B6E25CD}.Release|TwinCAT RT (x64).Build.0 = Release|TwinCAT RT (x64)
		{C036F544-6F9B-4E6B-B999-37759B6E25CD}.Release|TwinCAT RT (x86).ActiveCfg = Release|TwinCAT RT (x86)
		{C036F544-6F9B-4E6B-B999-37759B6E25CD}.Release|TwinCAT RT (x86).Build.0 = Release|TwinCAT RT (x86)
	EndGlobalSection
	GlobalSection(SolutionProperties) = preSolution
		HideSolutionNode = FALSE
	EndGlobalSection
	GlobalSection(ExtensibilityGlobals) = postSolution
		SolutionGuid = {6B287138-EC88-48E9-B440-D5669C76B99D}
	EndGlobalSection
EndGlobal
